// !$*UTF8*$!
{
	archiveVersion = 1;
	classes = {
	};
	objectVersion = 46;
	objects = {

/* Begin PBXBuildFile section */
		A124F7A81D3AF061004EEAA3 /* StringExtensions.swift in Sources */ = {isa = PBXBuildFile; fileRef = A124F7A71D3AF061004EEAA3 /* StringExtensions.swift */; };
		A132242A1D3B26A5003283FB /* Pluralize.swift in Sources */ = {isa = PBXBuildFile; fileRef = A13224291D3B26A5003283FB /* Pluralize.swift */; };
		A156780B1D360CEB0072C85F /* main.swift in Sources */ = {isa = PBXBuildFile; fileRef = A156780A1D360CEB0072C85F /* main.swift */; };
		A15678141D360D3D0072C85F /* Loot.swift in Sources */ = {isa = PBXBuildFile; fileRef = A15678131D360D3D0072C85F /* Loot.swift */; };
		A15678161D3611D30072C85F /* ArrayExtensions.swift in Sources */ = {isa = PBXBuildFile; fileRef = A15678151D3611D30072C85F /* ArrayExtensions.swift */; };
		A15678181D39E5600072C85F /* Descriptor.swift in Sources */ = {isa = PBXBuildFile; fileRef = A15678171D39E5600072C85F /* Descriptor.swift */; };
/* End PBXBuildFile section */

/* Begin PBXCopyFilesBuildPhase section */
		A15678051D360CEB0072C85F /* CopyFiles */ = {
			isa = PBXCopyFilesBuildPhase;
			buildActionMask = 2147483647;
			dstPath = /usr/share/man/man1/;
			dstSubfolderSpec = 0;
			files = (
			);
			runOnlyForDeploymentPostprocessing = 1;
		};
/* End PBXCopyFilesBuildPhase section */

/* Begin PBXFileReference section */
		A124F7A71D3AF061004EEAA3 /* StringExtensions.swift */ = {isa = PBXFileReference; fileEncoding = 4; lastKnownFileType = sourcecode.swift; path = StringExtensions.swift; sourceTree = "<group>"; };
		A13224291D3B26A5003283FB /* Pluralize.swift */ = {isa = PBXFileReference; fileEncoding = 4; lastKnownFileType = sourcecode.swift; path = Pluralize.swift; sourceTree = "<group>"; };
		A15678071D360CEB0072C85F /* AllTheLoot */ = {isa = PBXFileReference; explicitFileType = "compiled.mach-o.executable"; includeInIndex = 0; path = AllTheLoot; sourceTree = BUILT_PRODUCTS_DIR; };
		A156780A1D360CEB0072C85F /* main.swift */ = {isa = PBXFileReference; lastKnownFileType = sourcecode.swift; path = main.swift; sourceTree = "<group>"; };
		A15678131D360D3D0072C85F /* Loot.swift */ = {isa = PBXFileReference; fileEncoding = 4; lastKnownFileType = sourcecode.swift; name = Loot.swift; path = Models/Loot.swift; sourceTree = "<group>"; };
		A15678151D3611D30072C85F /* ArrayExtensions.swift */ = {isa = PBXFileReference; fileEncoding = 4; lastKnownFileType = sourcecode.swift; name = ArrayExtensions.swift; path = Infrastructure/ArrayExtensions.swift; sourceTree = "<group>"; };
		A15678171D39E5600072C85F /* Descriptor.swift */ = {isa = PBXFileReference; fileEncoding = 4; lastKnownFileType = sourcecode.swift; name = Descriptor.swift; path = Models/Descriptor.swift; sourceTree = "<group>"; };
/* End PBXFileReference section */

/* Begin PBXFrameworksBuildPhase section */
		A15678041D360CEB0072C85F /* Frameworks */ = {
			isa = PBXFrameworksBuildPhase;
			buildActionMask = 2147483647;
			files = (
			);
			runOnlyForDeploymentPostprocessing = 0;
		};
/* End PBXFrameworksBuildPhase section */

/* Begin PBXGroup section */
		A15677FE1D360CEB0072C85F = {
			isa = PBXGroup;
			children = (
				A15678091D360CEB0072C85F /* AllTheLoot */,
				A15678081D360CEB0072C85F /* Products */,
			);
			sourceTree = "<group>";
		};
		A15678081D360CEB0072C85F /* Products */ = {
			isa = PBXGroup;
			children = (
				A15678071D360CEB0072C85F /* AllTheLoot */,
			);
			name = Products;
			sourceTree = "<group>";
		};
		A15678091D360CEB0072C85F /* AllTheLoot */ = {
			isa = PBXGroup;
			children = (
				A156780A1D360CEB0072C85F /* main.swift */,
				A15678111D360D140072C85F /* Infrastructure */,
				A15678121D360D1D0072C85F /* Models */,
			);
			path = AllTheLoot;
			sourceTree = "<group>";
		};
		A15678111D360D140072C85F /* Infrastructure */ = {
			isa = PBXGroup;
			children = (
				A15678151D3611D30072C85F /* ArrayExtensions.swift */,
				A13224291D3B26A5003283FB /* Pluralize.swift */,
			);
			name = Infrastructure;
			sourceTree = "<group>";
		};
		A15678121D360D1D0072C85F /* Models */ = {
			isa = PBXGroup;
			children = (
				A15678131D360D3D0072C85F /* Loot.swift */,
				A15678171D39E5600072C85F /* Descriptor.swift */,
				A124F7A71D3AF061004EEAA3 /* StringExtensions.swift */,
			);
			name = Models;
			sourceTree = "<group>";
		};
/* End PBXGroup section */

/* Begin PBXNativeTarget section */
		A15678061D360CEB0072C85F /* AllTheLoot */ = {
			isa = PBXNativeTarget;
			buildConfigurationList = A156780E1D360CEB0072C85F /* Build configuration list for PBXNativeTarget "AllTheLoot" */;
			buildPhases = (
				A15678031D360CEB0072C85F /* Sources */,
				A15678041D360CEB0072C85F /* Frameworks */,
				A15678051D360CEB0072C85F /* CopyFiles */,
			);
			buildRules = (
			);
			dependencies = (
			);
			name = AllTheLoot;
			productName = AllTheLoot;
			productReference = A15678071D360CEB0072C85F /* AllTheLoot */;
			productType = "com.apple.product-type.tool";
		};
/* End PBXNativeTarget section */

/* Begin PBXProject section */
		A15677FF1D360CEB0072C85F /* Project object */ = {
			isa = PBXProject;
			attributes = {
				LastSwiftUpdateCheck = 0800;
				LastUpgradeCheck = 0830;
				ORGANIZATIONNAME = "Andy Sherwood";
				TargetAttributes = {
					A15678061D360CEB0072C85F = {
						CreatedOnToolsVersion = 8.0;
						DevelopmentTeam = 98G335Y8ST;
						DevelopmentTeamName = "Andrew Sherwood";
						LastSwiftMigration = 0800;
						ProvisioningStyle = Automatic;
					};
				};
			};
			buildConfigurationList = A15678021D360CEB0072C85F /* Build configuration list for PBXProject "AllTheLoot" */;
			compatibilityVersion = "Xcode 3.2";
			developmentRegion = English;
			hasScannedForEncodings = 0;
			knownRegions = (
				en,
			);
			mainGroup = A15677FE1D360CEB0072C85F;
			productRefGroup = A15678081D360CEB0072C85F /* Products */;
			projectDirPath = "";
			projectRoot = "";
			targets = (
				A15678061D360CEB0072C85F /* AllTheLoot */,
			);
		};
/* End PBXProject section */

/* Begin PBXSourcesBuildPhase section */
		A15678031D360CEB0072C85F /* Sources */ = {
			isa = PBXSourcesBuildPhase;
			buildActionMask = 2147483647;
			files = (
				A132242A1D3B26A5003283FB /* Pluralize.swift in Sources */,
				A156780B1D360CEB0072C85F /* main.swift in Sources */,
				A15678161D3611D30072C85F /* ArrayExtensions.swift in Sources */,
				A124F7A81D3AF061004EEAA3 /* StringExtensions.swift in Sources */,
				A15678181D39E5600072C85F /* Descriptor.swift in Sources */,
				A15678141D360D3D0072C85F /* Loot.swift in Sources */,
			);
			runOnlyForDeploymentPostprocessing = 0;
		};
/* End PBXSourcesBuildPhase section */

/* Begin XCBuildConfiguration section */
		A156780C1D360CEB0072C85F /* Debug */ = {
			isa = XCBuildConfiguration;
			buildSettings = {
				ALWAYS_SEARCH_USER_PATHS = NO;
				CLANG_ANALYZER_NONNULL = YES;
				CLANG_CXX_LANGUAGE_STANDARD = "gnu++0x";
				CLANG_CXX_LIBRARY = "libc++";
				CLANG_ENABLE_MODULES = YES;
				CLANG_ENABLE_OBJC_ARC = YES;
				CLANG_WARN_BOOL_CONVERSION = YES;
				CLANG_WARN_CONSTANT_CONVERSION = YES;
				CLANG_WARN_DIRECT_OBJC_ISA_USAGE = YES_ERROR;
				CLANG_WARN_DOCUMENTATION_COMMENTS = YES;
				CLANG_WARN_EMPTY_BODY = YES;
				CLANG_WARN_ENUM_CONVERSION = YES;
				CLANG_WARN_INFINITE_RECURSION = YES;
				CLANG_WARN_INT_CONVERSION = YES;
				CLANG_WARN_OBJC_ROOT_CLASS = YES_ERROR;
				CLANG_WARN_SUSPICIOUS_MOVE = YES;
				CLANG_WARN_UNREACHABLE_CODE = YES;
				CLANG_WARN__DUPLICATE_METHOD_MATCH = YES;
				CODE_SIGN_IDENTITY = "-";
				COPY_PHASE_STRIP = NO;
				DEBUG_INFORMATION_FORMAT = dwarf;
				ENABLE_STRICT_OBJC_MSGSEND = YES;
				ENABLE_TESTABILITY = YES;
				GCC_C_LANGUAGE_STANDARD = gnu99;
				GCC_DYNAMIC_NO_PIC = NO;
				GCC_NO_COMMON_BLOCKS = YES;
				GCC_OPTIMIZATION_LEVEL = 0;
				GCC_PREPROCESSOR_DEFINITIONS = (
					"DEBUG=1",
					"$(inherited)",
				);
				GCC_WARN_64_TO_32_BIT_CONVERSION = YES;
				GCC_WARN_ABOUT_RETURN_TYPE = YES_ERROR;
				GCC_WARN_UNDECLARED_SELECTOR = YES;
				GCC_WARN_UNINITIALIZED_AUTOS = YES_AGGRESSIVE;
				GCC_WARN_UNUSED_FUNCTION = YES;
				GCC_WARN_UNUSED_VARIABLE = YES;
				MACOSX_DEPLOYMENT_TARGET = 10.11;
				MTL_ENABLE_DEBUG_INFO = YES;
				ONLY_ACTIVE_ARCH = YES;
				SDKROOT = macosx;
				SWIFT_OPTIMIZATION_LEVEL = "-Onone";
			};
			name = Debug;
		};
		A156780D1D360CEB0072C85F /* Release */ = {
			isa = XCBuildConfiguration;
			buildSettings = {
				ALWAYS_SEARCH_USER_PATHS = NO;
				CLANG_ANALYZER_NONNULL = YES;
				CLANG_CXX_LANGUAGE_STANDARD = "gnu++0x";
				CLANG_CXX_LIBRARY = "libc++";
				CLANG_ENABLE_MODULES = YES;
				CLANG_ENABLE_OBJC_ARC = YES;
				CLANG_WARN_BOOL_CONVERSION = YES;
				CLANG_WARN_CONSTANT_CONVERSION = YES;
				CLANG_WARN_DIRECT_OBJC_ISA_USAGE = YES_ERROR;
				CLANG_WARN_DOCUMENTATION_COMMENTS = YES;
				CLANG_WARN_EMPTY_BODY = YES;
				CLANG_WARN_ENUM_CONVERSION = YES;
				CLANG_WARN_INFINITE_RECURSION = YES;
				CLANG_WARN_INT_CONVERSION = YES;
				CLANG_WARN_OBJC_ROOT_CLASS = YES_ERROR;
				CLANG_WARN_SUSPICIOUS_MOVE = YES;
				CLANG_WARN_UNREACHABLE_CODE = YES;
				CLANG_WARN__DUPLICATE_METHOD_MATCH = YES;
				CODE_SIGN_IDENTITY = "-";
				COPY_PHASE_STRIP = NO;
				DEBUG_INFORMATION_FORMAT = "dwarf-with-dsym";
				ENABLE_NS_ASSERTIONS = NO;
				ENABLE_STRICT_OBJC_MSGSEND = YES;
				GCC_C_LANGUAGE_STANDARD = gnu99;
				GCC_NO_COMMON_BLOCKS = YES;
				GCC_WARN_64_TO_32_BIT_CONVERSION = YES;
				GCC_WARN_ABOUT_RETURN_TYPE = YES_ERROR;
				GCC_WARN_UNDECLARED_SELECTOR = YES;
				GCC_WARN_UNINITIALIZED_AUTOS = YES_AGGRESSIVE;
				GCC_WARN_UNUSED_FUNCTION = YES;
				GCC_WARN_UNUSED_VARIABLE = YES;
				MACOSX_DEPLOYMENT_TARGET = 10.11;
				MTL_ENABLE_DEBUG_INFO = NO;
				SDKROOT = macosx;
				SWIFT_OPTIMIZATION_LEVEL = "-Owholemodule";
			};
			name = Release;
		};
		A156780F1D360CEB0072C85F /* Debug */ = {
			isa = XCBuildConfiguration;
			buildSettings = {
				PRODUCT_NAME = "$(TARGET_NAME)";
				SWIFT_VERSION = 3.0;
			};
			name = Debug;
		};
		A15678101D360CEB0072C85F /* Release */ = {
			isa = XCBuildConfiguration;
			buildSettings = {
				PRODUCT_NAME = "$(TARGET_NAME)";
				SWIFT_VERSION = 3.0;
			};
			name = Release;
		};
/* End XCBuildConfiguration section */

/* Begin XCConfigurationList section */
		A15678021D360CEB0072C85F /* Build configuration list for PBXProject "AllTheLoot" */ = {
			isa = XCConfigurationList;
			buildConfigurations = (
				A156780C1D360CEB0072C85F /* Debug */,
				A156780D1D360CEB0072C85F /* Release */,
			);
			defaultConfigurationIsVisible = 0;
			defaultConfigurationName = Release;
		};
		A156780E1D360CEB0072C85F /* Build configuration list for PBXNativeTarget "AllTheLoot" */ = {
			isa = XCConfigurationList;
			buildConfigurations = (
				A156780F1D360CEB0072C85F /* Debug */,
				A15678101D360CEB0072C85F /* Release */,
			);
			defaultConfigurationIsVisible = 0;
			defaultConfigurationName = Release;
		};
/* End XCConfigurationList section */
	};
	rootObject = A15677FF1D360CEB0072C85F /* Project object */;
}
